
Microsoft Visual Studio Solution File, Format Version 12.00
# Visual Studio Version 17
VisualStudioVersion = 17.11.35327.3
MinimumVisualStudioVersion = 10.0.40219.1
Project("{FAE04EC0-301F-11D3-BF4B-00C04F79EFBC}") = "lab2_faсtory_mathod", "lab2_faсtory_mathod\lab2_faсtory_mathod.csproj", "{9E1BD803-F9D5-4188-B28D-621B40341FDA}"
EndProject
Global
	GlobalSection(SolutionConfigurationPlatforms) = preSolution
		Debug|Any CPU = Debug|Any CPU
		Release|Any CPU = Release|Any CPU
	EndGlobalSection
	GlobalSection(ProjectConfigurationPlatforms) = postSolution
		{9E1BD803-F9D5-4188-B28D-621B40341FDA}.Debug|Any CPU.ActiveCfg = Debug|Any CPU
		{9E1BD803-F9D5-4188-B28D-621B40341FDA}.Debug|Any CPU.Build.0 = Debug|Any CPU
		{9E1BD803-F9D5-4188-B28D-621B40341FDA}.Release|Any CPU.ActiveCfg = Release|Any CPU
		{9E1BD803-F9D5-4188-B28D-621B40341FDA}.Release|Any CPU.Build.0 = Release|Any CPU
	EndGlobalSection
	GlobalSection(SolutionProperties) = preSolution
		HideSolutionNode = FALSE
	EndGlobalSection
	GlobalSection(ExtensibilityGlobals) = postSolution
		SolutionGuid = {9E58F225-05D2-40FA-B8BF-BF05A0AC1F9B}
	EndGlobalSection
EndGlobal
